
Microsoft Visual Studio Solution File, Format Version 12.00
# Visual Studio Version 16
VisualStudioVersion = 16.0.30717.126
MinimumVisualStudioVersion = 10.0.40219.1
Project("{9A19103F-16F7-4668-BE54-9A1E7A4F7556}") = "DEvTL.DiscordBot", "DEvTL.DiscordBot\DEvTL.DiscordBot.csproj", "{926538D7-395A-4C8B-BB9F-A13AE7410918}"
EndProject
Project("{FAE04EC0-301F-11D3-BF4B-00C04F79EFBC}") = "WebApplication1", "WebApplication1\WebApplication1.csproj", "{6FD13558-01E0-4681-BF18-367EDA18E8B1}"
EndProject
Global
	GlobalSection(SolutionConfigurationPlatforms) = preSolution
		Debug|Any CPU = Debug|Any CPU
		Release|Any CPU = Release|Any CPU
	EndGlobalSection
	GlobalSection(ProjectConfigurationPlatforms) = postSolution
		{926538D7-395A-4C8B-BB9F-A13AE7410918}.Debug|Any CPU.ActiveCfg = Debug|Any CPU
		{926538D7-395A-4C8B-BB9F-A13AE7410918}.Debug|Any CPU.Build.0 = Debug|Any CPU
		{926538D7-395A-4C8B-BB9F-A13AE7410918}.Release|Any CPU.ActiveCfg = Release|Any CPU
		{926538D7-395A-4C8B-BB9F-A13AE7410918}.Release|Any CPU.Build.0 = Release|Any CPU
		{6FD13558-01E0-4681-BF18-367EDA18E8B1}.Debug|Any CPU.ActiveCfg = Debug|Any CPU
		{6FD13558-01E0-4681-BF18-367EDA18E8B1}.Debug|Any CPU.Build.0 = Debug|Any CPU
		{6FD13558-01E0-4681-BF18-367EDA18E8B1}.Release|Any CPU.ActiveCfg = Release|Any CPU
		{6FD13558-01E0-4681-BF18-367EDA18E8B1}.Release|Any CPU.Build.0 = Release|Any CPU
	EndGlobalSection
	GlobalSection(SolutionProperties) = preSolution
		HideSolutionNode = FALSE
	EndGlobalSection
	GlobalSection(ExtensibilityGlobals) = postSolution
		SolutionGuid = {0FB2E510-B478-4E78-9BF9-DFAFD45145F5}
	EndGlobalSection
EndGlobal
